
Microsoft Visual Studio Solution File, Format Version 12.00
# Visual Studio Version 17
VisualStudioVersion = 17.8.34330.188
MinimumVisualStudioVersion = 10.0.40219.1
Project("{FAE04EC0-301F-11D3-BF4B-00C04F79EFBC}") = "bot-lucy-growfere", "bot-lucy-growfere.csproj", "{19C51FC2-1A87-4CE5-BC75-8B7D17CA7274}"
EndProject
Global
	GlobalSection(SolutionConfigurationPlatforms) = preSolution
		Debug|Any CPU = Debug|Any CPU
		Release|Any CPU = Release|Any CPU
	EndGlobalSection
	GlobalSection(ProjectConfigurationPlatforms) = postSolution
		{19C51FC2-1A87-4CE5-BC75-8B7D17CA7274}.Debug|Any CPU.ActiveCfg = Debug|Any CPU
		{19C51FC2-1A87-4CE5-BC75-8B7D17CA7274}.Debug|Any CPU.Build.0 = Debug|Any CPU
		{19C51FC2-1A87-4CE5-BC75-8B7D17CA7274}.Release|Any CPU.ActiveCfg = Release|Any CPU
		{19C51FC2-1A87-4CE5-BC75-8B7D17CA7274}.Release|Any CPU.Build.0 = Release|Any CPU
	EndGlobalSection
	GlobalSection(SolutionProperties) = preSolution
		HideSolutionNode = FALSE
	EndGlobalSection
	GlobalSection(ExtensibilityGlobals) = postSolution
		SolutionGuid = {DAD06037-B5BE-4A60-8916-9CB7CFD3F5BC}
	EndGlobalSection
EndGlobal
